
Microsoft Visual Studio Solution File, Format Version 12.00
# Visual Studio Version 17
VisualStudioVersion = 17.4.33213.308
MinimumVisualStudioVersion = 10.0.40219.1
Project("{FAE04EC0-301F-11D3-BF4B-00C04F79EFBC}") = "ASPNETCoreProject", "ASPNETCoreProject\ASPNETCoreProject.csproj", "{DFB93A3A-446E-4F2D-98FF-E5E6808B2E89}"
EndProject
Global
	GlobalSection(SolutionConfigurationPlatforms) = preSolution
		Debug|Any CPU = Debug|Any CPU
		Release|Any CPU = Release|Any CPU
	EndGlobalSection
	GlobalSection(ProjectConfigurationPlatforms) = postSolution
		{DFB93A3A-446E-4F2D-98FF-E5E6808B2E89}.Debug|Any CPU.ActiveCfg = Debug|Any CPU
		{DFB93A3A-446E-4F2D-98FF-E5E6808B2E89}.Debug|Any CPU.Build.0 = Debug|Any CPU
		{DFB93A3A-446E-4F2D-98FF-E5E6808B2E89}.Release|Any CPU.ActiveCfg = Release|Any CPU
		{DFB93A3A-446E-4F2D-98FF-E5E6808B2E89}.Release|Any CPU.Build.0 = Release|Any CPU
	EndGlobalSection
	GlobalSection(SolutionProperties) = preSolution
		HideSolutionNode = FALSE
	EndGlobalSection
	GlobalSection(ExtensibilityGlobals) = postSolution
		SolutionGuid = {89D4802D-5AC8-4B83-B73C-C38A332AD108}
	EndGlobalSection
EndGlobal
